{
  "name": "pm-digital-twin",
  "lockfileVersion": 3,
  "requires": true,
  "packages": {
    "": {
      "dependencies": {
        "@babylonjs/core": "^8.46.2",
        "@babylonjs/loaders": "^8.46.2"
      }
    },
    "node_modules/@babylonjs/core": {
      "version": "8.46.2",
      "resolved": "https://registry.npmjs.org/@babylonjs/core/-/core-8.46.2.tgz",
      "integrity": "sha512-CrRpd05C6+bQjrmnel4NzNxDCRCHuBCua0cIHxtugGumonTIu9/7D8Dpz/X0X3NWU92dL7qETE1QdPaqlsCJig==",
      "license": "Apache-2.0",
      "peer": true
    },
    "node_modules/@babylonjs/loaders": {
      "version": "8.46.2",
      "resolved": "https://registry.npmjs.org/@babylonjs/loaders/-/loaders-8.46.2.tgz",
      "integrity": "sha512-fOATzKPzUmrcB0TuYLU4JEZPs2QONykecf5rb84lRm/MXyHTKfZFuccSS/89xrR43ytYPWQatkg87/+2dSbquw==",
      "license": "Apache-2.0",
      "peerDependencies": {
        "@babylonjs/core": "^8.0.0",
        "babylonjs-gltf2interface": "^8.0.0"
      }
    },
    "node_modules/babylonjs-gltf2interface": {
      "version": "8.46.2",
      "resolved": "https://registry.npmjs.org/babylonjs-gltf2interface/-/babylonjs-gltf2interface-8.46.2.tgz",
      "integrity": "sha512-w0e4lCvTf4bQ/66aiJMBZPLoi1FEHuX8Puyqi2N/AWMmolAo5cDGR7j1/jMa1QHI8gO4LVBhl0uR5UDw66xkDw==",
      "license": "Apache-2.0",
      "peer": true
    }
  }
}
